
Microsoft Visual Studio Solution File, Format Version 12.00
# Visual Studio Version 16
VisualStudioVersion = 16.0.31911.196
MinimumVisualStudioVersion = 10.0.40219.1
Project("{8BC9CEB8-8B4A-11D0-8D11-00A0C91BC942}") = "Task4", "Task4.vcxproj", "{D81AF543-24AA-4663-8D9E-069A5DF06BBB}"
EndProject
Global
	GlobalSection(SolutionConfigurationPlatforms) = preSolution
		Debug|x64 = Debug|x64
		Debug|x86 = Debug|x86
		Release|x64 = Release|x64
		Release|x86 = Release|x86
	EndGlobalSection
	GlobalSection(ProjectConfigurationPlatforms) = postSolution
		{D81AF543-24AA-4663-8D9E-069A5DF06BBB}.Debug|x64.ActiveCfg = Debug|x64
		{D81AF543-24AA-4663-8D9E-069A5DF06BBB}.Debug|x64.Build.0 = Debug|x64
		{D81AF543-24AA-4663-8D9E-069A5DF06BBB}.Debug|x86.ActiveCfg = Debug|Win32
		{D81AF543-24AA-4663-8D9E-069A5DF06BBB}.Debug|x86.Build.0 = Debug|Win32
		{D81AF543-24AA-4663-8D9E-069A5DF06BBB}.Release|x64.ActiveCfg = Release|x64
		{D81AF543-24AA-4663-8D9E-069A5DF06BBB}.Release|x64.Build.0 = Release|x64
		{D81AF543-24AA-4663-8D9E-069A5DF06BBB}.Release|x86.ActiveCfg = Release|Win32
		{D81AF543-24AA-4663-8D9E-069A5DF06BBB}.Release|x86.Build.0 = Release|Win32
	EndGlobalSection
	GlobalSection(SolutionProperties) = preSolution
		HideSolutionNode = FALSE
	EndGlobalSection
	GlobalSection(ExtensibilityGlobals) = postSolution
		SolutionGuid = {9C9106CD-4DD5-4C4B-9605-42333C85D6EC}
	EndGlobalSection
EndGlobal
